
Microsoft Visual Studio Solution File, Format Version 12.00
# Visual Studio Version 17
VisualStudioVersion = 17.5.002.0
MinimumVisualStudioVersion = 10.0.40219.1
Project("{9A19103F-16F7-4668-BE54-9A1E7A4F7556}") = "Isogram", "Isogram.csproj", "{211FF4E6-A733-48EE-99F4-9ED845EA29EB}"
EndProject
Global
	GlobalSection(SolutionConfigurationPlatforms) = preSolution
		Debug|Any CPU = Debug|Any CPU
		Release|Any CPU = Release|Any CPU
	EndGlobalSection
	GlobalSection(ProjectConfigurationPlatforms) = postSolution
		{211FF4E6-A733-48EE-99F4-9ED845EA29EB}.Debug|Any CPU.ActiveCfg = Debug|Any CPU
		{211FF4E6-A733-48EE-99F4-9ED845EA29EB}.Debug|Any CPU.Build.0 = Debug|Any CPU
		{211FF4E6-A733-48EE-99F4-9ED845EA29EB}.Release|Any CPU.ActiveCfg = Release|Any CPU
		{211FF4E6-A733-48EE-99F4-9ED845EA29EB}.Release|Any CPU.Build.0 = Release|Any CPU
	EndGlobalSection
	GlobalSection(SolutionProperties) = preSolution
		HideSolutionNode = FALSE
	EndGlobalSection
	GlobalSection(ExtensibilityGlobals) = postSolution
		SolutionGuid = {7B4FD70E-2B92-48B6-8A74-27A0857497CD}
	EndGlobalSection
EndGlobal
