
Microsoft Visual Studio Solution File, Format Version 12.00
# Visual Studio Version 17
VisualStudioVersion = 17.5.002.0
MinimumVisualStudioVersion = 10.0.40219.1
Project("{2150E333-8FDC-42A3-9474-1A3956D46DE8}") = "Education", "Education", "{A838D703-052F-4691-8282-24F8FC87E0A4}"
EndProject
Project("{9A19103F-16F7-4668-BE54-9A1E7A4F7556}") = "az204svcbus", "Education\az204svcbus\az204svcbus.csproj", "{AFAB0D96-BB82-4DCE-A647-5D9D01D870CE}"
EndProject
Global
	GlobalSection(SolutionConfigurationPlatforms) = preSolution
		Debug|Any CPU = Debug|Any CPU
		Release|Any CPU = Release|Any CPU
	EndGlobalSection
	GlobalSection(ProjectConfigurationPlatforms) = postSolution
		{AFAB0D96-BB82-4DCE-A647-5D9D01D870CE}.Debug|Any CPU.ActiveCfg = Debug|Any CPU
		{AFAB0D96-BB82-4DCE-A647-5D9D01D870CE}.Debug|Any CPU.Build.0 = Debug|Any CPU
		{AFAB0D96-BB82-4DCE-A647-5D9D01D870CE}.Release|Any CPU.ActiveCfg = Release|Any CPU
		{AFAB0D96-BB82-4DCE-A647-5D9D01D870CE}.Release|Any CPU.Build.0 = Release|Any CPU
	EndGlobalSection
	GlobalSection(SolutionProperties) = preSolution
		HideSolutionNode = FALSE
	EndGlobalSection
	GlobalSection(NestedProjects) = preSolution
		{AFAB0D96-BB82-4DCE-A647-5D9D01D870CE} = {A838D703-052F-4691-8282-24F8FC87E0A4}
	EndGlobalSection
	GlobalSection(ExtensibilityGlobals) = postSolution
		SolutionGuid = {9BBCD9AD-5DE9-41FA-A7F3-BC57A6D533CF}
	EndGlobalSection
EndGlobal
