
Microsoft Visual Studio Solution File, Format Version 12.00
# Visual Studio Version 17
VisualStudioVersion = 17.5.002.0
MinimumVisualStudioVersion = 10.0.40219.1
Project("{9A19103F-16F7-4668-BE54-9A1E7A4F7556}") = "Pangram", "Pangram.csproj", "{540AEF46-350B-4096-9F93-B3099AB809FE}"
EndProject
Global
	GlobalSection(SolutionConfigurationPlatforms) = preSolution
		Debug|Any CPU = Debug|Any CPU
		Release|Any CPU = Release|Any CPU
	EndGlobalSection
	GlobalSection(ProjectConfigurationPlatforms) = postSolution
		{540AEF46-350B-4096-9F93-B3099AB809FE}.Debug|Any CPU.ActiveCfg = Debug|Any CPU
		{540AEF46-350B-4096-9F93-B3099AB809FE}.Debug|Any CPU.Build.0 = Debug|Any CPU
		{540AEF46-350B-4096-9F93-B3099AB809FE}.Release|Any CPU.ActiveCfg = Release|Any CPU
		{540AEF46-350B-4096-9F93-B3099AB809FE}.Release|Any CPU.Build.0 = Release|Any CPU
	EndGlobalSection
	GlobalSection(SolutionProperties) = preSolution
		HideSolutionNode = FALSE
	EndGlobalSection
	GlobalSection(ExtensibilityGlobals) = postSolution
		SolutionGuid = {9FC97AD8-A2B2-4AD7-9DDA-E08CED85FC6B}
	EndGlobalSection
EndGlobal
