
Microsoft Visual Studio Solution File, Format Version 12.00
# Visual Studio Version 17
VisualStudioVersion = 17.5.002.0
MinimumVisualStudioVersion = 10.0.40219.1
Project("{9A19103F-16F7-4668-BE54-9A1E7A4F7556}") = "Bird Watch", "Bird Watch.csproj", "{2A0A3FCF-8F37-45BE-A914-A35889C3822E}"
EndProject
Global
	GlobalSection(SolutionConfigurationPlatforms) = preSolution
		Debug|Any CPU = Debug|Any CPU
		Release|Any CPU = Release|Any CPU
	EndGlobalSection
	GlobalSection(ProjectConfigurationPlatforms) = postSolution
		{2A0A3FCF-8F37-45BE-A914-A35889C3822E}.Debug|Any CPU.ActiveCfg = Debug|Any CPU
		{2A0A3FCF-8F37-45BE-A914-A35889C3822E}.Debug|Any CPU.Build.0 = Debug|Any CPU
		{2A0A3FCF-8F37-45BE-A914-A35889C3822E}.Release|Any CPU.ActiveCfg = Release|Any CPU
		{2A0A3FCF-8F37-45BE-A914-A35889C3822E}.Release|Any CPU.Build.0 = Release|Any CPU
	EndGlobalSection
	GlobalSection(SolutionProperties) = preSolution
		HideSolutionNode = FALSE
	EndGlobalSection
	GlobalSection(ExtensibilityGlobals) = postSolution
		SolutionGuid = {C0AF8208-1825-472A-8374-D26E31245E67}
	EndGlobalSection
EndGlobal
