
Microsoft Visual Studio Solution File, Format Version 12.00
# Visual Studio Version 17
VisualStudioVersion = 17.5.002.0
MinimumVisualStudioVersion = 10.0.40219.1
Project("{9A19103F-16F7-4668-BE54-9A1E7A4F7556}") = "p16-Develop Conditional Branches and Loops", "p16-Develop Conditional Branches and Loops.csproj", "{61590297-649A-43CA-BA9D-B4EC86B37209}"
EndProject
Global
	GlobalSection(SolutionConfigurationPlatforms) = preSolution
		Debug|Any CPU = Debug|Any CPU
		Release|Any CPU = Release|Any CPU
	EndGlobalSection
	GlobalSection(ProjectConfigurationPlatforms) = postSolution
		{61590297-649A-43CA-BA9D-B4EC86B37209}.Debug|Any CPU.ActiveCfg = Debug|Any CPU
		{61590297-649A-43CA-BA9D-B4EC86B37209}.Debug|Any CPU.Build.0 = Debug|Any CPU
		{61590297-649A-43CA-BA9D-B4EC86B37209}.Release|Any CPU.ActiveCfg = Release|Any CPU
		{61590297-649A-43CA-BA9D-B4EC86B37209}.Release|Any CPU.Build.0 = Release|Any CPU
	EndGlobalSection
	GlobalSection(SolutionProperties) = preSolution
		HideSolutionNode = FALSE
	EndGlobalSection
	GlobalSection(ExtensibilityGlobals) = postSolution
		SolutionGuid = {429A6FB1-50DC-4C62-8E77-43E91539EEC7}
	EndGlobalSection
EndGlobal
