
Microsoft Visual Studio Solution File, Format Version 12.00
# Visual Studio Version 17
VisualStudioVersion = 17.5.002.0
MinimumVisualStudioVersion = 10.0.40219.1
Project("{9A19103F-16F7-4668-BE54-9A1E7A4F7556}") = "Lucian's Luscious Lasagna", "Lucian's Luscious Lasagna.csproj", "{81DC47B3-D063-479A-B405-FCF837AC7DAB}"
EndProject
Global
	GlobalSection(SolutionConfigurationPlatforms) = preSolution
		Debug|Any CPU = Debug|Any CPU
		Release|Any CPU = Release|Any CPU
	EndGlobalSection
	GlobalSection(ProjectConfigurationPlatforms) = postSolution
		{81DC47B3-D063-479A-B405-FCF837AC7DAB}.Debug|Any CPU.ActiveCfg = Debug|Any CPU
		{81DC47B3-D063-479A-B405-FCF837AC7DAB}.Debug|Any CPU.Build.0 = Debug|Any CPU
		{81DC47B3-D063-479A-B405-FCF837AC7DAB}.Release|Any CPU.ActiveCfg = Release|Any CPU
		{81DC47B3-D063-479A-B405-FCF837AC7DAB}.Release|Any CPU.Build.0 = Release|Any CPU
	EndGlobalSection
	GlobalSection(SolutionProperties) = preSolution
		HideSolutionNode = FALSE
	EndGlobalSection
	GlobalSection(ExtensibilityGlobals) = postSolution
		SolutionGuid = {8C999D14-B7E1-4C45-AA8F-0277C92DD849}
	EndGlobalSection
EndGlobal
