
Microsoft Visual Studio Solution File, Format Version 12.00
# Visual Studio Version 17
VisualStudioVersion = 17.5.002.0
MinimumVisualStudioVersion = 10.0.40219.1
Project("{9A19103F-16F7-4668-BE54-9A1E7A4F7556}") = "Phone Number Analysis", "Phone Number Analysis.csproj", "{6B90EE22-470C-4FAB-9FAC-EAC5882C844F}"
EndProject
Global
	GlobalSection(SolutionConfigurationPlatforms) = preSolution
		Debug|Any CPU = Debug|Any CPU
		Release|Any CPU = Release|Any CPU
	EndGlobalSection
	GlobalSection(ProjectConfigurationPlatforms) = postSolution
		{6B90EE22-470C-4FAB-9FAC-EAC5882C844F}.Debug|Any CPU.ActiveCfg = Debug|Any CPU
		{6B90EE22-470C-4FAB-9FAC-EAC5882C844F}.Debug|Any CPU.Build.0 = Debug|Any CPU
		{6B90EE22-470C-4FAB-9FAC-EAC5882C844F}.Release|Any CPU.ActiveCfg = Release|Any CPU
		{6B90EE22-470C-4FAB-9FAC-EAC5882C844F}.Release|Any CPU.Build.0 = Release|Any CPU
	EndGlobalSection
	GlobalSection(SolutionProperties) = preSolution
		HideSolutionNode = FALSE
	EndGlobalSection
	GlobalSection(ExtensibilityGlobals) = postSolution
		SolutionGuid = {B401D06A-3F42-4459-8C94-AF347D026AB2}
	EndGlobalSection
EndGlobal
