
Microsoft Visual Studio Solution File, Format Version 12.00
# Visual Studio Version 17
VisualStudioVersion = 17.5.002.0
MinimumVisualStudioVersion = 10.0.40219.1
Project("{9A19103F-16F7-4668-BE54-9A1E7A4F7556}") = "International Calling Connoisseur", "International Calling Connoisseur.csproj", "{85FDA583-9F5F-4D61-AD3B-A096B63E2B2F}"
EndProject
Global
	GlobalSection(SolutionConfigurationPlatforms) = preSolution
		Debug|Any CPU = Debug|Any CPU
		Release|Any CPU = Release|Any CPU
	EndGlobalSection
	GlobalSection(ProjectConfigurationPlatforms) = postSolution
		{85FDA583-9F5F-4D61-AD3B-A096B63E2B2F}.Debug|Any CPU.ActiveCfg = Debug|Any CPU
		{85FDA583-9F5F-4D61-AD3B-A096B63E2B2F}.Debug|Any CPU.Build.0 = Debug|Any CPU
		{85FDA583-9F5F-4D61-AD3B-A096B63E2B2F}.Release|Any CPU.ActiveCfg = Release|Any CPU
		{85FDA583-9F5F-4D61-AD3B-A096B63E2B2F}.Release|Any CPU.Build.0 = Release|Any CPU
	EndGlobalSection
	GlobalSection(SolutionProperties) = preSolution
		HideSolutionNode = FALSE
	EndGlobalSection
	GlobalSection(ExtensibilityGlobals) = postSolution
		SolutionGuid = {15F1F00E-693B-46C5-8E8A-CC4F374DBA9D}
	EndGlobalSection
EndGlobal
