
Microsoft Visual Studio Solution File, Format Version 12.00
# Visual Studio Version 17
VisualStudioVersion = 17.5.002.0
MinimumVisualStudioVersion = 10.0.40219.1
Project("{9A19103F-16F7-4668-BE54-9A1E7A4F7556}") = "Interest is Interesting", "Interest is Interesting.csproj", "{0B4B3324-43CD-47AD-BE9C-0B696D5F0F53}"
EndProject
Global
	GlobalSection(SolutionConfigurationPlatforms) = preSolution
		Debug|Any CPU = Debug|Any CPU
		Release|Any CPU = Release|Any CPU
	EndGlobalSection
	GlobalSection(ProjectConfigurationPlatforms) = postSolution
		{0B4B3324-43CD-47AD-BE9C-0B696D5F0F53}.Debug|Any CPU.ActiveCfg = Debug|Any CPU
		{0B4B3324-43CD-47AD-BE9C-0B696D5F0F53}.Debug|Any CPU.Build.0 = Debug|Any CPU
		{0B4B3324-43CD-47AD-BE9C-0B696D5F0F53}.Release|Any CPU.ActiveCfg = Release|Any CPU
		{0B4B3324-43CD-47AD-BE9C-0B696D5F0F53}.Release|Any CPU.Build.0 = Release|Any CPU
	EndGlobalSection
	GlobalSection(SolutionProperties) = preSolution
		HideSolutionNode = FALSE
	EndGlobalSection
	GlobalSection(ExtensibilityGlobals) = postSolution
		SolutionGuid = {4637B0E0-E1F1-4212-A5D3-B03107C436DA}
	EndGlobalSection
EndGlobal
