
Microsoft Visual Studio Solution File, Format Version 12.00
# Visual Studio Version 17
VisualStudioVersion = 17.5.002.0
MinimumVisualStudioVersion = 10.0.40219.1
Project("{9A19103F-16F7-4668-BE54-9A1E7A4F7556}") = "Starter", "Starter.csproj", "{47919D86-1E7B-4318-BE8F-4EDB4B681DC3}"
EndProject
Global
	GlobalSection(SolutionConfigurationPlatforms) = preSolution
		Debug|Any CPU = Debug|Any CPU
		Release|Any CPU = Release|Any CPU
	EndGlobalSection
	GlobalSection(ProjectConfigurationPlatforms) = postSolution
		{47919D86-1E7B-4318-BE8F-4EDB4B681DC3}.Debug|Any CPU.ActiveCfg = Debug|Any CPU
		{47919D86-1E7B-4318-BE8F-4EDB4B681DC3}.Debug|Any CPU.Build.0 = Debug|Any CPU
		{47919D86-1E7B-4318-BE8F-4EDB4B681DC3}.Release|Any CPU.ActiveCfg = Release|Any CPU
		{47919D86-1E7B-4318-BE8F-4EDB4B681DC3}.Release|Any CPU.Build.0 = Release|Any CPU
	EndGlobalSection
	GlobalSection(SolutionProperties) = preSolution
		HideSolutionNode = FALSE
	EndGlobalSection
	GlobalSection(ExtensibilityGlobals) = postSolution
		SolutionGuid = {FD7F4F78-478C-4707-8971-8119C64858E9}
	EndGlobalSection
EndGlobal
