
Microsoft Visual Studio Solution File, Format Version 12.00
# Visual Studio Version 17
VisualStudioVersion = 17.5.002.0
MinimumVisualStudioVersion = 10.0.40219.1
Project("{9A19103F-16F7-4668-BE54-9A1E7A4F7556}") = "Final", "Final\Final.csproj", "{08EF8978-E21F-413D-A9DA-A5B7F9D932A4}"
EndProject
Project("{9A19103F-16F7-4668-BE54-9A1E7A4F7556}") = "Starter", "Starter\Starter.csproj", "{DBAFD4FE-7D14-40BB-8E0B-94410C97EEDD}"
EndProject
Global
	GlobalSection(SolutionConfigurationPlatforms) = preSolution
		Debug|Any CPU = Debug|Any CPU
		Release|Any CPU = Release|Any CPU
	EndGlobalSection
	GlobalSection(ProjectConfigurationPlatforms) = postSolution
		{08EF8978-E21F-413D-A9DA-A5B7F9D932A4}.Debug|Any CPU.ActiveCfg = Debug|Any CPU
		{08EF8978-E21F-413D-A9DA-A5B7F9D932A4}.Debug|Any CPU.Build.0 = Debug|Any CPU
		{08EF8978-E21F-413D-A9DA-A5B7F9D932A4}.Release|Any CPU.ActiveCfg = Release|Any CPU
		{08EF8978-E21F-413D-A9DA-A5B7F9D932A4}.Release|Any CPU.Build.0 = Release|Any CPU
		{DBAFD4FE-7D14-40BB-8E0B-94410C97EEDD}.Debug|Any CPU.ActiveCfg = Debug|Any CPU
		{DBAFD4FE-7D14-40BB-8E0B-94410C97EEDD}.Debug|Any CPU.Build.0 = Debug|Any CPU
		{DBAFD4FE-7D14-40BB-8E0B-94410C97EEDD}.Release|Any CPU.ActiveCfg = Release|Any CPU
		{DBAFD4FE-7D14-40BB-8E0B-94410C97EEDD}.Release|Any CPU.Build.0 = Release|Any CPU
	EndGlobalSection
	GlobalSection(SolutionProperties) = preSolution
		HideSolutionNode = FALSE
	EndGlobalSection
	GlobalSection(ExtensibilityGlobals) = postSolution
		SolutionGuid = {B53AF608-08F5-4D98-9D3E-41715BBBBDC5}
	EndGlobalSection
EndGlobal
