
Microsoft Visual Studio Solution File, Format Version 12.00
# Visual Studio Version 17
VisualStudioVersion = 17.5.002.0
MinimumVisualStudioVersion = 10.0.40219.1
Project("{9A19103F-16F7-4668-BE54-9A1E7A4F7556}") = "p19-Work with variable data", "p19-Work with variable data.csproj", "{20EA4B4E-7F99-4DDD-9409-EC2F459AF48F}"
EndProject
Global
	GlobalSection(SolutionConfigurationPlatforms) = preSolution
		Debug|Any CPU = Debug|Any CPU
		Release|Any CPU = Release|Any CPU
	EndGlobalSection
	GlobalSection(ProjectConfigurationPlatforms) = postSolution
		{20EA4B4E-7F99-4DDD-9409-EC2F459AF48F}.Debug|Any CPU.ActiveCfg = Debug|Any CPU
		{20EA4B4E-7F99-4DDD-9409-EC2F459AF48F}.Debug|Any CPU.Build.0 = Debug|Any CPU
		{20EA4B4E-7F99-4DDD-9409-EC2F459AF48F}.Release|Any CPU.ActiveCfg = Release|Any CPU
		{20EA4B4E-7F99-4DDD-9409-EC2F459AF48F}.Release|Any CPU.Build.0 = Release|Any CPU
	EndGlobalSection
	GlobalSection(SolutionProperties) = preSolution
		HideSolutionNode = FALSE
	EndGlobalSection
	GlobalSection(ExtensibilityGlobals) = postSolution
		SolutionGuid = {67507039-D5E9-4F79-9A96-9A00CCDE6CDD}
	EndGlobalSection
EndGlobal
