
Microsoft Visual Studio Solution File, Format Version 12.00
# Visual Studio Version 17
VisualStudioVersion = 17.5.002.0
MinimumVisualStudioVersion = 10.0.40219.1
Project("{9A19103F-16F7-4668-BE54-9A1E7A4F7556}") = "Binary Search", "Binary Search.csproj", "{7A545EEE-293C-4C82-9DA1-ED8B15266727}"
EndProject
Global
	GlobalSection(SolutionConfigurationPlatforms) = preSolution
		Debug|Any CPU = Debug|Any CPU
		Release|Any CPU = Release|Any CPU
	EndGlobalSection
	GlobalSection(ProjectConfigurationPlatforms) = postSolution
		{7A545EEE-293C-4C82-9DA1-ED8B15266727}.Debug|Any CPU.ActiveCfg = Debug|Any CPU
		{7A545EEE-293C-4C82-9DA1-ED8B15266727}.Debug|Any CPU.Build.0 = Debug|Any CPU
		{7A545EEE-293C-4C82-9DA1-ED8B15266727}.Release|Any CPU.ActiveCfg = Release|Any CPU
		{7A545EEE-293C-4C82-9DA1-ED8B15266727}.Release|Any CPU.Build.0 = Release|Any CPU
	EndGlobalSection
	GlobalSection(SolutionProperties) = preSolution
		HideSolutionNode = FALSE
	EndGlobalSection
	GlobalSection(ExtensibilityGlobals) = postSolution
		SolutionGuid = {4F837F14-FF7A-4D28-9202-F56FF0BC9F26}
	EndGlobalSection
EndGlobal
