
Microsoft Visual Studio Solution File, Format Version 12.00
# Visual Studio Version 17
VisualStudioVersion = 17.5.002.0
MinimumVisualStudioVersion = 10.0.40219.1
Project("{9A19103F-16F7-4668-BE54-9A1E7A4F7556}") = "Darts", "Darts.csproj", "{E02E8939-9D03-49C8-9178-43962E879640}"
EndProject
Global
	GlobalSection(SolutionConfigurationPlatforms) = preSolution
		Debug|Any CPU = Debug|Any CPU
		Release|Any CPU = Release|Any CPU
	EndGlobalSection
	GlobalSection(ProjectConfigurationPlatforms) = postSolution
		{E02E8939-9D03-49C8-9178-43962E879640}.Debug|Any CPU.ActiveCfg = Debug|Any CPU
		{E02E8939-9D03-49C8-9178-43962E879640}.Debug|Any CPU.Build.0 = Debug|Any CPU
		{E02E8939-9D03-49C8-9178-43962E879640}.Release|Any CPU.ActiveCfg = Release|Any CPU
		{E02E8939-9D03-49C8-9178-43962E879640}.Release|Any CPU.Build.0 = Release|Any CPU
	EndGlobalSection
	GlobalSection(SolutionProperties) = preSolution
		HideSolutionNode = FALSE
	EndGlobalSection
	GlobalSection(ExtensibilityGlobals) = postSolution
		SolutionGuid = {0116A059-22B6-4D3F-B0F2-47D9343F47A1}
	EndGlobalSection
EndGlobal
