
Microsoft Visual Studio Solution File, Format Version 12.00
# Visual Studio Version 17
VisualStudioVersion = 17.5.002.0
MinimumVisualStudioVersion = 10.0.40219.1
Project("{9A19103F-16F7-4668-BE54-9A1E7A4F7556}") = "p20-Explore data type casting and conversion", "p20-Explore data type casting and conversion.csproj", "{B8C5971B-7967-44C5-9936-5BEA6108C310}"
EndProject
Global
	GlobalSection(SolutionConfigurationPlatforms) = preSolution
		Debug|Any CPU = Debug|Any CPU
		Release|Any CPU = Release|Any CPU
	EndGlobalSection
	GlobalSection(ProjectConfigurationPlatforms) = postSolution
		{B8C5971B-7967-44C5-9936-5BEA6108C310}.Debug|Any CPU.ActiveCfg = Debug|Any CPU
		{B8C5971B-7967-44C5-9936-5BEA6108C310}.Debug|Any CPU.Build.0 = Debug|Any CPU
		{B8C5971B-7967-44C5-9936-5BEA6108C310}.Release|Any CPU.ActiveCfg = Release|Any CPU
		{B8C5971B-7967-44C5-9936-5BEA6108C310}.Release|Any CPU.Build.0 = Release|Any CPU
	EndGlobalSection
	GlobalSection(SolutionProperties) = preSolution
		HideSolutionNode = FALSE
	EndGlobalSection
	GlobalSection(ExtensibilityGlobals) = postSolution
		SolutionGuid = {E3B3F52F-59AC-4F47-905C-18359CE9BE04}
	EndGlobalSection
EndGlobal
