
Microsoft Visual Studio Solution File, Format Version 12.00
# Visual Studio Version 17
VisualStudioVersion = 17.5.002.0
MinimumVisualStudioVersion = 10.0.40219.1
Project("{9A19103F-16F7-4668-BE54-9A1E7A4F7556}") = "Triangle", "Triangle.csproj", "{2C1FDDCE-1197-49A5-855F-001EB2F860DE}"
EndProject
Global
	GlobalSection(SolutionConfigurationPlatforms) = preSolution
		Debug|Any CPU = Debug|Any CPU
		Release|Any CPU = Release|Any CPU
	EndGlobalSection
	GlobalSection(ProjectConfigurationPlatforms) = postSolution
		{2C1FDDCE-1197-49A5-855F-001EB2F860DE}.Debug|Any CPU.ActiveCfg = Debug|Any CPU
		{2C1FDDCE-1197-49A5-855F-001EB2F860DE}.Debug|Any CPU.Build.0 = Debug|Any CPU
		{2C1FDDCE-1197-49A5-855F-001EB2F860DE}.Release|Any CPU.ActiveCfg = Release|Any CPU
		{2C1FDDCE-1197-49A5-855F-001EB2F860DE}.Release|Any CPU.Build.0 = Release|Any CPU
	EndGlobalSection
	GlobalSection(SolutionProperties) = preSolution
		HideSolutionNode = FALSE
	EndGlobalSection
	GlobalSection(ExtensibilityGlobals) = postSolution
		SolutionGuid = {F35506F9-6090-4AD6-941E-698927590F85}
	EndGlobalSection
EndGlobal
